<?xml version="1.0" encoding="utf-8"?>
<Project ToolsVersion="4.0" xmlns="http://schemas.microsoft.com/developer/msbuild/2003">
  <ItemGroup>
    <ClCompile Include="UserMode.cpp" />
  </ItemGroup>
  <ItemGroup>
    <ClInclude Include="ntdll\ntdll.h">
      <Filter>ntdll</Filter>
    </ClInclude>
  </ItemGroup>
  <ItemGroup>
    <Filter Include="ntdll">
      <UniqueIdentifier>{005fb191-ec7a-48cf-8fcf-4ddce1697106}</UniqueIdentifier>
    </Filter>
  </ItemGroup>
</Project>